
Microsoft Visual Studio Solution File, Format Version 12.00
# Visual Studio Version 16
VisualStudioVersion = 25.0.1703.3
MinimumVisualStudioVersion = 10.0.40219.1
Project("{FAE04EC0-301F-11D3-BF4B-00C04F79EFBC}") = "FirstXamarin", "FirstXamarin.csproj", "{5E0E8DB6-833A-4A3F-A25C-9BCAB4563339}"
EndProject
Global
	GlobalSection(SolutionConfigurationPlatforms) = preSolution
		Debug|Any CPU = Debug|Any CPU
		Release|Any CPU = Release|Any CPU
	EndGlobalSection
	GlobalSection(ProjectConfigurationPlatforms) = postSolution
		{5E0E8DB6-833A-4A3F-A25C-9BCAB4563339}.Debug|Any CPU.ActiveCfg = Debug|Any CPU
		{5E0E8DB6-833A-4A3F-A25C-9BCAB4563339}.Debug|Any CPU.Build.0 = Debug|Any CPU
		{5E0E8DB6-833A-4A3F-A25C-9BCAB4563339}.Release|Any CPU.ActiveCfg = Release|Any CPU
		{5E0E8DB6-833A-4A3F-A25C-9BCAB4563339}.Release|Any CPU.Build.0 = Release|Any CPU
	EndGlobalSection
	GlobalSection(SolutionProperties) = preSolution
		HideSolutionNode = FALSE
	EndGlobalSection
	GlobalSection(ExtensibilityGlobals) = postSolution
		SolutionGuid = {39D8363C-7766-4165-B8ED-829CD756E951}
	EndGlobalSection
EndGlobal
